
Microsoft Visual Studio Solution File, Format Version 12.00
# Visual Studio Version 17
VisualStudioVersion = 17.3.32901.215
MinimumVisualStudioVersion = 10.0.40219.1
Project("{FAE04EC0-301F-11D3-BF4B-00C04F79EFBC}") = "BubbkeShort_C", "BubbkeShort_C\BubbkeShort_C.csproj", "{0764E708-9927-4694-B231-1ED049D18B45}"
EndProject
Global
	GlobalSection(SolutionConfigurationPlatforms) = preSolution
		Debug|Any CPU = Debug|Any CPU
		Release|Any CPU = Release|Any CPU
	EndGlobalSection
	GlobalSection(ProjectConfigurationPlatforms) = postSolution
		{0764E708-9927-4694-B231-1ED049D18B45}.Debug|Any CPU.ActiveCfg = Debug|Any CPU
		{0764E708-9927-4694-B231-1ED049D18B45}.Debug|Any CPU.Build.0 = Debug|Any CPU
		{0764E708-9927-4694-B231-1ED049D18B45}.Release|Any CPU.ActiveCfg = Release|Any CPU
		{0764E708-9927-4694-B231-1ED049D18B45}.Release|Any CPU.Build.0 = Release|Any CPU
	EndGlobalSection
	GlobalSection(SolutionProperties) = preSolution
		HideSolutionNode = FALSE
	EndGlobalSection
	GlobalSection(ExtensibilityGlobals) = postSolution
		SolutionGuid = {FC826CEA-A741-4708-ADF6-53C7AABAB88B}
	EndGlobalSection
EndGlobal
